
Microsoft Visual Studio Solution File, Format Version 11.00
# Visual Studio 2010
Project("{FAE04EC0-301F-11D3-BF4B-00C04F79EFBC}") = "sdMapper", "sdMapper\sdMapper.csproj", "{3979E659-7F15-4671-AFC2-70D39FD68364}"
EndProject
Project("{FAE04EC0-301F-11D3-BF4B-00C04F79EFBC}") = "sdMapper.Tests", "sdMapper.Tests\sdMapper.Tests.csproj", "{F80C6FF5-F813-4DAB-BFB8-259F1F3F69F1}"
EndProject
Project("{FAE04EC0-301F-11D3-BF4B-00C04F79EFBC}") = "sdMapper.Specs", "sdMapper.Specs\sdMapper.Specs.csproj", "{369D6A65-7E20-4C7E-ADBE-867C7BE1E754}"
EndProject
Project("{FAE04EC0-301F-11D3-BF4B-00C04F79EFBC}") = "sdMapper.StructureMap", "sdMapper.StructureMap\sdMapper.StructureMap.csproj", "{E6B2468D-F588-4DB6-A07C-B8492A786157}"
EndProject
Global
	GlobalSection(SolutionConfigurationPlatforms) = preSolution
		Debug|Any CPU = Debug|Any CPU
		Release|Any CPU = Release|Any CPU
	EndGlobalSection
	GlobalSection(ProjectConfigurationPlatforms) = postSolution
		{3979E659-7F15-4671-AFC2-70D39FD68364}.Debug|Any CPU.ActiveCfg = Debug|Any CPU
		{3979E659-7F15-4671-AFC2-70D39FD68364}.Debug|Any CPU.Build.0 = Debug|Any CPU
		{3979E659-7F15-4671-AFC2-70D39FD68364}.Release|Any CPU.ActiveCfg = Release|Any CPU
		{3979E659-7F15-4671-AFC2-70D39FD68364}.Release|Any CPU.Build.0 = Release|Any CPU
		{F80C6FF5-F813-4DAB-BFB8-259F1F3F69F1}.Debug|Any CPU.ActiveCfg = Debug|Any CPU
		{F80C6FF5-F813-4DAB-BFB8-259F1F3F69F1}.Debug|Any CPU.Build.0 = Debug|Any CPU
		{F80C6FF5-F813-4DAB-BFB8-259F1F3F69F1}.Release|Any CPU.ActiveCfg = Release|Any CPU
		{F80C6FF5-F813-4DAB-BFB8-259F1F3F69F1}.Release|Any CPU.Build.0 = Release|Any CPU
		{369D6A65-7E20-4C7E-ADBE-867C7BE1E754}.Debug|Any CPU.ActiveCfg = Debug|Any CPU
		{369D6A65-7E20-4C7E-ADBE-867C7BE1E754}.Debug|Any CPU.Build.0 = Debug|Any CPU
		{369D6A65-7E20-4C7E-ADBE-867C7BE1E754}.Release|Any CPU.ActiveCfg = Release|Any CPU
		{369D6A65-7E20-4C7E-ADBE-867C7BE1E754}.Release|Any CPU.Build.0 = Release|Any CPU
		{E6B2468D-F588-4DB6-A07C-B8492A786157}.Debug|Any CPU.ActiveCfg = Debug|Any CPU
		{E6B2468D-F588-4DB6-A07C-B8492A786157}.Debug|Any CPU.Build.0 = Debug|Any CPU
		{E6B2468D-F588-4DB6-A07C-B8492A786157}.Release|Any CPU.ActiveCfg = Release|Any CPU
		{E6B2468D-F588-4DB6-A07C-B8492A786157}.Release|Any CPU.Build.0 = Release|Any CPU
	EndGlobalSection
	GlobalSection(SolutionProperties) = preSolution
		HideSolutionNode = FALSE
	EndGlobalSection
EndGlobal
